// !$*UTF8*$!
{
	archiveVersion = 1;
	classes = {
	};
	objectVersion = 55;
	objects = {

/* Begin PBXBuildFile section */
		721DAC44288D01B90026749A /* GitHubOAuthClient.swift in Sources */ = {isa = PBXBuildFile; fileRef = 721DAC43288D01B90026749A /* GitHubOAuthClient.swift */; };
		721DAC46288D47C10026749A /* SearchReposResponse.swift in Sources */ = {isa = PBXBuildFile; fileRef = 721DAC45288D47C10026749A /* SearchReposResponse.swift */; };
		721DAC48289241BF0026749A /* String+Extensions.swift in Sources */ = {isa = PBXBuildFile; fileRef = 721DAC47289241BF0026749A /* String+Extensions.swift */; };
		721DAC4A289244010026749A /* GitHubApiTypes.swift in Sources */ = {isa = PBXBuildFile; fileRef = 721DAC49289244010026749A /* GitHubApiTypes.swift */; };
		7234D844288995F000E3AB6F /* SearchTextNode.swift in Sources */ = {isa = PBXBuildFile; fileRef = 7234D843288995F000E3AB6F /* SearchTextNode.swift */; };
		7234D84628899C7500E3AB6F /* SearchDisplayNode.swift in Sources */ = {isa = PBXBuildFile; fileRef = 7234D84528899C7500E3AB6F /* SearchDisplayNode.swift */; };
		7234D849288B934200E3AB6F /* SearchDataSource.swift in Sources */ = {isa = PBXBuildFile; fileRef = 7234D848288B934200E3AB6F /* SearchDataSource.swift */; };
		7234D84B288B94F300E3AB6F /* RepoCellNode.swift in Sources */ = {isa = PBXBuildFile; fileRef = 7234D84A288B94F300E3AB6F /* RepoCellNode.swift */; };
		723FE7B7287924FC00712166 /* AppDelegate.swift in Sources */ = {isa = PBXBuildFile; fileRef = 723FE7B6287924FC00712166 /* AppDelegate.swift */; };
		723FE7B9287924FC00712166 /* SceneDelegate.swift in Sources */ = {isa = PBXBuildFile; fileRef = 723FE7B8287924FC00712166 /* SceneDelegate.swift */; };
		723FE7BB287924FC00712166 /* SearchViewController.swift in Sources */ = {isa = PBXBuildFile; fileRef = 723FE7BA287924FC00712166 /* SearchViewController.swift */; };
		723FE7C0287924FD00712166 /* Assets.xcassets in Resources */ = {isa = PBXBuildFile; fileRef = 723FE7BF287924FD00712166 /* Assets.xcassets */; };
		723FE7C3287924FD00712166 /* LaunchScreen.storyboard in Resources */ = {isa = PBXBuildFile; fileRef = 723FE7C1287924FD00712166 /* LaunchScreen.storyboard */; };
		723FE7CE287924FD00712166 /* GitHubRepoFinderTests.swift in Sources */ = {isa = PBXBuildFile; fileRef = 723FE7CD287924FD00712166 /* GitHubRepoFinderTests.swift */; };
		723FE7E82879AA7D00712166 /* GitHubAPIClient.swift in Sources */ = {isa = PBXBuildFile; fileRef = 723FE7E72879AA7D00712166 /* GitHubAPIClient.swift */; };
		723FE7EA287A97A200712166 /* GitHubConstants.swift in Sources */ = {isa = PBXBuildFile; fileRef = 723FE7E9287A97A200712166 /* GitHubConstants.swift */; };
		723FE7EC287AF31200712166 /* User.swift in Sources */ = {isa = PBXBuildFile; fileRef = 723FE7EB287AF31200712166 /* User.swift */; };
		7269EA202896160D009936A7 /* RepoDetailViewController.swift in Sources */ = {isa = PBXBuildFile; fileRef = 7269EA1F2896160D009936A7 /* RepoDetailViewController.swift */; };
		7269EA222896182F009936A7 /* RepoDetailWebView.swift in Sources */ = {isa = PBXBuildFile; fileRef = 7269EA212896182F009936A7 /* RepoDetailWebView.swift */; };
		728E36A6287DAEC5007393DD /* NetworkError.swift in Sources */ = {isa = PBXBuildFile; fileRef = 728E36A5287DAEC5007393DD /* NetworkError.swift */; };
		728E36A828805692007393DD /* HttpClientHandler.swift in Sources */ = {isa = PBXBuildFile; fileRef = 728E36A728805692007393DD /* HttpClientHandler.swift */; };
		72BA10EA288847A8006F0B3E /* SearchViewModel.swift in Sources */ = {isa = PBXBuildFile; fileRef = 72BA10E9288847A8006F0B3E /* SearchViewModel.swift */; };
		72F4817828A7629900E17885 /* RepoCellViewData.swift in Sources */ = {isa = PBXBuildFile; fileRef = 72F4817728A7629900E17885 /* RepoCellViewData.swift */; };
		72F4817B28A765E400E17885 /* DataController.swift in Sources */ = {isa = PBXBuildFile; fileRef = 72F4817A28A765E400E17885 /* DataController.swift */; };
		D78932F40E54D6A9CF8BB0E4 /* Pods_GitHubRepoFinderTests.framework in Frameworks */ = {isa = PBXBuildFile; fileRef = 5D776FB23700CB1D123B3388 /* Pods_GitHubRepoFinderTests.framework */; };
		FB9F81AD5A371C36A922C231 /* Pods_GitHubRepoFinder.framework in Frameworks */ = {isa = PBXBuildFile; fileRef = 39594F88C74CAA33FC76711D /* Pods_GitHubRepoFinder.framework */; };
/* End PBXBuildFile section */

/* Begin PBXContainerItemProxy section */
		723FE7CA287924FD00712166 /* PBXContainerItemProxy */ = {
			isa = PBXContainerItemProxy;
			containerPortal = 723FE7AB287924FB00712166 /* Project object */;
			proxyType = 1;
			remoteGlobalIDString = 723FE7B2287924FC00712166;
			remoteInfo = GitHubRepoFinder;
		};
/* End PBXContainerItemProxy section */

/* Begin PBXFileReference section */
		0ED27BD740EC2511FEBFEEF4 /* Pods-GitHubRepoFinder-GitHubRepoFinderUITests.release.xcconfig */ = {isa = PBXFileReference; includeInIndex = 1; lastKnownFileType = text.xcconfig; name = "Pods-GitHubRepoFinder-GitHubRepoFinderUITests.release.xcconfig"; path = "Target Support Files/Pods-GitHubRepoFinder-GitHubRepoFinderUITests/Pods-GitHubRepoFinder-GitHubRepoFinderUITests.release.xcconfig"; sourceTree = "<group>"; };
		39594F88C74CAA33FC76711D /* Pods_GitHubRepoFinder.framework */ = {isa = PBXFileReference; explicitFileType = wrapper.framework; includeInIndex = 0; path = Pods_GitHubRepoFinder.framework; sourceTree = BUILT_PRODUCTS_DIR; };
		3C2421293D3621B87CF072EA /* Pods_GitHubRepoFinder_GitHubRepoFinderUITests.framework */ = {isa = PBXFileReference; explicitFileType = wrapper.framework; includeInIndex = 0; path = Pods_GitHubRepoFinder_GitHubRepoFinderUITests.framework; sourceTree = BUILT_PRODUCTS_DIR; };
		5D776FB23700CB1D123B3388 /* Pods_GitHubRepoFinderTests.framework */ = {isa = PBXFileReference; explicitFileType = wrapper.framework; includeInIndex = 0; path = Pods_GitHubRepoFinderTests.framework; sourceTree = BUILT_PRODUCTS_DIR; };
		721DAC43288D01B90026749A /* GitHubOAuthClient.swift */ = {isa = PBXFileReference; lastKnownFileType = sourcecode.swift; path = GitHubOAuthClient.swift; sourceTree = "<group>"; };
		721DAC45288D47C10026749A /* SearchReposResponse.swift */ = {isa = PBXFileReference; lastKnownFileType = sourcecode.swift; path = SearchReposResponse.swift; sourceTree = "<group>"; };
		721DAC47289241BF0026749A /* String+Extensions.swift */ = {isa = PBXFileReference; lastKnownFileType = sourcecode.swift; path = "String+Extensions.swift"; sourceTree = "<group>"; };
		721DAC49289244010026749A /* GitHubApiTypes.swift */ = {isa = PBXFileReference; lastKnownFileType = sourcecode.swift; path = GitHubApiTypes.swift; sourceTree = "<group>"; };
		7234D843288995F000E3AB6F /* SearchTextNode.swift */ = {isa = PBXFileReference; lastKnownFileType = sourcecode.swift; path = SearchTextNode.swift; sourceTree = "<group>"; };
		7234D84528899C7500E3AB6F /* SearchDisplayNode.swift */ = {isa = PBXFileReference; lastKnownFileType = sourcecode.swift; path = SearchDisplayNode.swift; sourceTree = "<group>"; };
		7234D848288B934200E3AB6F /* SearchDataSource.swift */ = {isa = PBXFileReference; lastKnownFileType = sourcecode.swift; path = SearchDataSource.swift; sourceTree = "<group>"; };
		7234D84A288B94F300E3AB6F /* RepoCellNode.swift */ = {isa = PBXFileReference; lastKnownFileType = sourcecode.swift; path = RepoCellNode.swift; sourceTree = "<group>"; };
		723FE7B3287924FC00712166 /* GitHubRepoFinder.app */ = {isa = PBXFileReference; explicitFileType = wrapper.application; includeInIndex = 0; path = GitHubRepoFinder.app; sourceTree = BUILT_PRODUCTS_DIR; };
		723FE7B6287924FC00712166 /* AppDelegate.swift */ = {isa = PBXFileReference; lastKnownFileType = sourcecode.swift; path = AppDelegate.swift; sourceTree = "<group>"; };
		723FE7B8287924FC00712166 /* SceneDelegate.swift */ = {isa = PBXFileReference; lastKnownFileType = sourcecode.swift; path = SceneDelegate.swift; sourceTree = "<group>"; };
		723FE7BA287924FC00712166 /* SearchViewController.swift */ = {isa = PBXFileReference; lastKnownFileType = sourcecode.swift; path = SearchViewController.swift; sourceTree = "<group>"; };
		723FE7BF287924FD00712166 /* Assets.xcassets */ = {isa = PBXFileReference; lastKnownFileType = folder.assetcatalog; path = Assets.xcassets; sourceTree = "<group>"; };
		723FE7C2287924FD00712166 /* Base */ = {isa = PBXFileReference; lastKnownFileType = file.storyboard; name = Base; path = Base.lproj/LaunchScreen.storyboard; sourceTree = "<group>"; };
		723FE7C4287924FD00712166 /* Info.plist */ = {isa = PBXFileReference; lastKnownFileType = text.plist.xml; path = Info.plist; sourceTree = "<group>"; };
		723FE7C9287924FD00712166 /* GitHubRepoFinderTests.xctest */ = {isa = PBXFileReference; explicitFileType = wrapper.cfbundle; includeInIndex = 0; path = GitHubRepoFinderTests.xctest; sourceTree = BUILT_PRODUCTS_DIR; };
		723FE7CD287924FD00712166 /* GitHubRepoFinderTests.swift */ = {isa = PBXFileReference; lastKnownFileType = sourcecode.swift; path = GitHubRepoFinderTests.swift; sourceTree = "<group>"; };
		723FE7E72879AA7D00712166 /* GitHubAPIClient.swift */ = {isa = PBXFileReference; lastKnownFileType = sourcecode.swift; path = GitHubAPIClient.swift; sourceTree = "<group>"; };
		723FE7E9287A97A200712166 /* GitHubConstants.swift */ = {isa = PBXFileReference; lastKnownFileType = sourcecode.swift; path = GitHubConstants.swift; sourceTree = "<group>"; };
		723FE7EB287AF31200712166 /* User.swift */ = {isa = PBXFileReference; lastKnownFileType = sourcecode.swift; path = User.swift; sourceTree = "<group>"; };
		7269EA1F2896160D009936A7 /* RepoDetailViewController.swift */ = {isa = PBXFileReference; lastKnownFileType = sourcecode.swift; path = RepoDetailViewController.swift; sourceTree = "<group>"; };
		7269EA212896182F009936A7 /* RepoDetailWebView.swift */ = {isa = PBXFileReference; lastKnownFileType = sourcecode.swift; path = RepoDetailWebView.swift; sourceTree = "<group>"; };
		728E36A5287DAEC5007393DD /* NetworkError.swift */ = {isa = PBXFileReference; lastKnownFileType = sourcecode.swift; path = NetworkError.swift; sourceTree = "<group>"; };
		728E36A728805692007393DD /* HttpClientHandler.swift */ = {isa = PBXFileReference; lastKnownFileType = sourcecode.swift; path = HttpClientHandler.swift; sourceTree = "<group>"; };
		72BA10E9288847A8006F0B3E /* SearchViewModel.swift */ = {isa = PBXFileReference; lastKnownFileType = sourcecode.swift; path = SearchViewModel.swift; sourceTree = "<group>"; };
		72F4817728A7629900E17885 /* RepoCellViewData.swift */ = {isa = PBXFileReference; lastKnownFileType = sourcecode.swift; path = RepoCellViewData.swift; sourceTree = "<group>"; };
		72F4817A28A765E400E17885 /* DataController.swift */ = {isa = PBXFileReference; lastKnownFileType = sourcecode.swift; path = DataController.swift; sourceTree = "<group>"; };
		9BDABD7D64860E3BD78D11A2 /* Pods-GitHubRepoFinder.release.xcconfig */ = {isa = PBXFileReference; includeInIndex = 1; lastKnownFileType = text.xcconfig; name = "Pods-GitHubRepoFinder.release.xcconfig"; path = "Target Support Files/Pods-GitHubRepoFinder/Pods-GitHubRepoFinder.release.xcconfig"; sourceTree = "<group>"; };
		9DDF927BDBC6D1A3132A1FB8 /* Pods-GitHubRepoFinder-GitHubRepoFinderUITests.debug.xcconfig */ = {isa = PBXFileReference; includeInIndex = 1; lastKnownFileType = text.xcconfig; name = "Pods-GitHubRepoFinder-GitHubRepoFinderUITests.debug.xcconfig"; path = "Target Support Files/Pods-GitHubRepoFinder-GitHubRepoFinderUITests/Pods-GitHubRepoFinder-GitHubRepoFinderUITests.debug.xcconfig"; sourceTree = "<group>"; };
		C2F32BEBAAC463A6366E6590 /* Pods-GitHubRepoFinderTests.release.xcconfig */ = {isa = PBXFileReference; includeInIndex = 1; lastKnownFileType = text.xcconfig; name = "Pods-GitHubRepoFinderTests.release.xcconfig"; path = "Target Support Files/Pods-GitHubRepoFinderTests/Pods-GitHubRepoFinderTests.release.xcconfig"; sourceTree = "<group>"; };
		CB534AEB5129E38127C35510 /* Pods-GitHubRepoFinder.debug.xcconfig */ = {isa = PBXFileReference; includeInIndex = 1; lastKnownFileType = text.xcconfig; name = "Pods-GitHubRepoFinder.debug.xcconfig"; path = "Target Support Files/Pods-GitHubRepoFinder/Pods-GitHubRepoFinder.debug.xcconfig"; sourceTree = "<group>"; };
		D10F7886B47FE53659C850F9 /* Pods-GitHubRepoFinderTests.debug.xcconfig */ = {isa = PBXFileReference; includeInIndex = 1; lastKnownFileType = text.xcconfig; name = "Pods-GitHubRepoFinderTests.debug.xcconfig"; path = "Target Support Files/Pods-GitHubRepoFinderTests/Pods-GitHubRepoFinderTests.debug.xcconfig"; sourceTree = "<group>"; };
/* End PBXFileReference section */

/* Begin PBXFrameworksBuildPhase section */
		723FE7B0287924FC00712166 /* Frameworks */ = {
			isa = PBXFrameworksBuildPhase;
			buildActionMask = 2147483647;
			files = (
				FB9F81AD5A371C36A922C231 /* Pods_GitHubRepoFinder.framework in Frameworks */,
			);
			runOnlyForDeploymentPostprocessing = 0;
		};
		723FE7C6287924FD00712166 /* Frameworks */ = {
			isa = PBXFrameworksBuildPhase;
			buildActionMask = 2147483647;
			files = (
				D78932F40E54D6A9CF8BB0E4 /* Pods_GitHubRepoFinderTests.framework in Frameworks */,
			);
			runOnlyForDeploymentPostprocessing = 0;
		};
/* End PBXFrameworksBuildPhase section */

/* Begin PBXGroup section */
		6BADA951AC7EF22D0D6BA457 /* Pods */ = {
			isa = PBXGroup;
			children = (
				CB534AEB5129E38127C35510 /* Pods-GitHubRepoFinder.debug.xcconfig */,
				9BDABD7D64860E3BD78D11A2 /* Pods-GitHubRepoFinder.release.xcconfig */,
				9DDF927BDBC6D1A3132A1FB8 /* Pods-GitHubRepoFinder-GitHubRepoFinderUITests.debug.xcconfig */,
				0ED27BD740EC2511FEBFEEF4 /* Pods-GitHubRepoFinder-GitHubRepoFinderUITests.release.xcconfig */,
				D10F7886B47FE53659C850F9 /* Pods-GitHubRepoFinderTests.debug.xcconfig */,
				C2F32BEBAAC463A6366E6590 /* Pods-GitHubRepoFinderTests.release.xcconfig */,
			);
			path = Pods;
			sourceTree = "<group>";
		};
		7234D840288990AF00E3AB6F /* Networking */ = {
			isa = PBXGroup;
			children = (
				723FE7E72879AA7D00712166 /* GitHubAPIClient.swift */,
				721DAC49289244010026749A /* GitHubApiTypes.swift */,
				721DAC43288D01B90026749A /* GitHubOAuthClient.swift */,
				728E36A5287DAEC5007393DD /* NetworkError.swift */,
				728E36A728805692007393DD /* HttpClientHandler.swift */,
			);
			path = Networking;
			sourceTree = "<group>";
		};
		7234D8412889955D00E3AB6F /* Search */ = {
			isa = PBXGroup;
			children = (
				723FE7BA287924FC00712166 /* SearchViewController.swift */,
				72F4817628A7628400E17885 /* ViewModel */,
				7234D848288B934200E3AB6F /* SearchDataSource.swift */,
				7234D847288AD3EA00E3AB6F /* Subnodes */,
			);
			path = Search;
			sourceTree = "<group>";
		};
		7234D8422889956600E3AB6F /* Model */ = {
			isa = PBXGroup;
			children = (
				723FE7EB287AF31200712166 /* User.swift */,
				721DAC45288D47C10026749A /* SearchReposResponse.swift */,
			);
			path = Model;
			sourceTree = "<group>";
		};
		7234D847288AD3EA00E3AB6F /* Subnodes */ = {
			isa = PBXGroup;
			children = (
				7234D843288995F000E3AB6F /* SearchTextNode.swift */,
				7234D84528899C7500E3AB6F /* SearchDisplayNode.swift */,
				7234D84C288B955A00E3AB6F /* Cell */,
			);
			path = Subnodes;
			sourceTree = "<group>";
		};
		7234D84C288B955A00E3AB6F /* Cell */ = {
			isa = PBXGroup;
			children = (
				7234D84A288B94F300E3AB6F /* RepoCellNode.swift */,
			);
			path = Cell;
			sourceTree = "<group>";
		};
		723FE7AA287924FB00712166 = {
			isa = PBXGroup;
			children = (
				723FE7B5287924FC00712166 /* GitHubRepoFinder */,
				723FE7CC287924FD00712166 /* GitHubRepoFinderTests */,
				723FE7B4287924FC00712166 /* Products */,
				6BADA951AC7EF22D0D6BA457 /* Pods */,
				D22BAC19EBC5E1169EEB9E24 /* Frameworks */,
			);
			sourceTree = "<group>";
		};
		723FE7B4287924FC00712166 /* Products */ = {
			isa = PBXGroup;
			children = (
				723FE7B3287924FC00712166 /* GitHubRepoFinder.app */,
				723FE7C9287924FD00712166 /* GitHubRepoFinderTests.xctest */,
			);
			name = Products;
			sourceTree = "<group>";
		};
		723FE7B5287924FC00712166 /* GitHubRepoFinder */ = {
			isa = PBXGroup;
			children = (
				723FE7B6287924FC00712166 /* AppDelegate.swift */,
				723FE7B8287924FC00712166 /* SceneDelegate.swift */,
				723FE7E9287A97A200712166 /* GitHubConstants.swift */,
				721DAC47289241BF0026749A /* String+Extensions.swift */,
				7234D8412889955D00E3AB6F /* Search */,
				7269EA1E289615D3009936A7 /* RepoDetail */,
				7234D8422889956600E3AB6F /* Model */,
				7234D840288990AF00E3AB6F /* Networking */,
				72F4817928A765B700E17885 /* Persistence */,
				723FE7BF287924FD00712166 /* Assets.xcassets */,
				723FE7C1287924FD00712166 /* LaunchScreen.storyboard */,
				723FE7C4287924FD00712166 /* Info.plist */,
			);
			path = GitHubRepoFinder;
			sourceTree = "<group>";
		};
		723FE7CC287924FD00712166 /* GitHubRepoFinderTests */ = {
			isa = PBXGroup;
			children = (
				723FE7CD287924FD00712166 /* GitHubRepoFinderTests.swift */,
			);
			path = GitHubRepoFinderTests;
			sourceTree = "<group>";
		};
		7269EA1E289615D3009936A7 /* RepoDetail */ = {
			isa = PBXGroup;
			children = (
				7269EA1F2896160D009936A7 /* RepoDetailViewController.swift */,
				7269EA212896182F009936A7 /* RepoDetailWebView.swift */,
			);
			path = RepoDetail;
			sourceTree = "<group>";
		};
		72F4817628A7628400E17885 /* ViewModel */ = {
			isa = PBXGroup;
			children = (
				72BA10E9288847A8006F0B3E /* SearchViewModel.swift */,
				72F4817728A7629900E17885 /* RepoCellViewData.swift */,
			);
			path = ViewModel;
			sourceTree = "<group>";
		};
		72F4817928A765B700E17885 /* Persistence */ = {
			isa = PBXGroup;
			children = (
				72F4817A28A765E400E17885 /* DataController.swift */,
			);
			path = Persistence;
			sourceTree = "<group>";
		};
		D22BAC19EBC5E1169EEB9E24 /* Frameworks */ = {
			isa = PBXGroup;
			children = (
				39594F88C74CAA33FC76711D /* Pods_GitHubRepoFinder.framework */,
				3C2421293D3621B87CF072EA /* Pods_GitHubRepoFinder_GitHubRepoFinderUITests.framework */,
				5D776FB23700CB1D123B3388 /* Pods_GitHubRepoFinderTests.framework */,
			);
			name = Frameworks;
			sourceTree = "<group>";
		};
/* End PBXGroup section */

/* Begin PBXNativeTarget section */
		723FE7B2287924FC00712166 /* GitHubRepoFinder */ = {
			isa = PBXNativeTarget;
			buildConfigurationList = 723FE7DD287924FD00712166 /* Build configuration list for PBXNativeTarget "GitHubRepoFinder" */;
			buildPhases = (
				3D1FBC68BEF535A5036C1268 /* [CP] Check Pods Manifest.lock */,
				723FE7AF287924FC00712166 /* Sources */,
				723FE7B0287924FC00712166 /* Frameworks */,
				723FE7B1287924FC00712166 /* Resources */,
				7DF3E306A37601B8F1C34B2F /* [CP] Embed Pods Frameworks */,
			);
			buildRules = (
			);
			dependencies = (
			);
			name = GitHubRepoFinder;
			productName = GitHubRepoFinder;
			productReference = 723FE7B3287924FC00712166 /* GitHubRepoFinder.app */;
			productType = "com.apple.product-type.application";
		};
		723FE7C8287924FD00712166 /* GitHubRepoFinderTests */ = {
			isa = PBXNativeTarget;
			buildConfigurationList = 723FE7E0287924FD00712166 /* Build configuration list for PBXNativeTarget "GitHubRepoFinderTests" */;
			buildPhases = (
				D780D1CCC81D9997CF814D7D /* [CP] Check Pods Manifest.lock */,
				723FE7C5287924FD00712166 /* Sources */,
				723FE7C6287924FD00712166 /* Frameworks */,
				723FE7C7287924FD00712166 /* Resources */,
			);
			buildRules = (
			);
			dependencies = (
				723FE7CB287924FD00712166 /* PBXTargetDependency */,
			);
			name = GitHubRepoFinderTests;
			productName = GitHubRepoFinderTests;
			productReference = 723FE7C9287924FD00712166 /* GitHubRepoFinderTests.xctest */;
			productType = "com.apple.product-type.bundle.unit-test";
		};
/* End PBXNativeTarget section */

/* Begin PBXProject section */
		723FE7AB287924FB00712166 /* Project object */ = {
			isa = PBXProject;
			attributes = {
				BuildIndependentTargetsInParallel = 1;
				LastSwiftUpdateCheck = 1320;
				LastUpgradeCheck = 1320;
				TargetAttributes = {
					723FE7B2287924FC00712166 = {
						CreatedOnToolsVersion = 13.2.1;
					};
					723FE7C8287924FD00712166 = {
						CreatedOnToolsVersion = 13.2.1;
						TestTargetID = 723FE7B2287924FC00712166;
					};
				};
			};
			buildConfigurationList = 723FE7AE287924FB00712166 /* Build configuration list for PBXProject "GitHubRepoFinder" */;
			compatibilityVersion = "Xcode 13.0";
			developmentRegion = en;
			hasScannedForEncodings = 0;
			knownRegions = (
				en,
				Base,
			);
			mainGroup = 723FE7AA287924FB00712166;
			productRefGroup = 723FE7B4287924FC00712166 /* Products */;
			projectDirPath = "";
			projectRoot = "";
			targets = (
				723FE7B2287924FC00712166 /* GitHubRepoFinder */,
				723FE7C8287924FD00712166 /* GitHubRepoFinderTests */,
			);
		};
/* End PBXProject section */

/* Begin PBXResourcesBuildPhase section */
		723FE7B1287924FC00712166 /* Resources */ = {
			isa = PBXResourcesBuildPhase;
			buildActionMask = 2147483647;
			files = (
				723FE7C3287924FD00712166 /* LaunchScreen.storyboard in Resources */,
				723FE7C0287924FD00712166 /* Assets.xcassets in Resources */,
			);
			runOnlyForDeploymentPostprocessing = 0;
		};
		723FE7C7287924FD00712166 /* Resources */ = {
			isa = PBXResourcesBuildPhase;
			buildActionMask = 2147483647;
			files = (
			);
			runOnlyForDeploymentPostprocessing = 0;
		};
/* End PBXResourcesBuildPhase section */

/* Begin PBXShellScriptBuildPhase section */
		3D1FBC68BEF535A5036C1268 /* [CP] Check Pods Manifest.lock */ = {
			isa = PBXShellScriptBuildPhase;
			buildActionMask = 2147483647;
			files = (
			);
			inputFileListPaths = (
			);
			inputPaths = (
				"${PODS_PODFILE_DIR_PATH}/Podfile.lock",
				"${PODS_ROOT}/Manifest.lock",
			);
			name = "[CP] Check Pods Manifest.lock";
			outputFileListPaths = (
			);
			outputPaths = (
				"$(DERIVED_FILE_DIR)/Pods-GitHubRepoFinder-checkManifestLockResult.txt",
			);
			runOnlyForDeploymentPostprocessing = 0;
			shellPath = /bin/sh;
			shellScript = "diff \"${PODS_PODFILE_DIR_PATH}/Podfile.lock\" \"${PODS_ROOT}/Manifest.lock\" > /dev/null\nif [ $? != 0 ] ; then\n    # print error to STDERR\n    echo \"error: The sandbox is not in sync with the Podfile.lock. Run 'pod install' or update your CocoaPods installation.\" >&2\n    exit 1\nfi\n# This output is used by Xcode 'outputs' to avoid re-running this script phase.\necho \"SUCCESS\" > \"${SCRIPT_OUTPUT_FILE_0}\"\n";
			showEnvVarsInLog = 0;
		};
		7DF3E306A37601B8F1C34B2F /* [CP] Embed Pods Frameworks */ = {
			isa = PBXShellScriptBuildPhase;
			buildActionMask = 2147483647;
			files = (
			);
			inputFileListPaths = (
				"${PODS_ROOT}/Target Support Files/Pods-GitHubRepoFinder/Pods-GitHubRepoFinder-frameworks-${CONFIGURATION}-input-files.xcfilelist",
			);
			name = "[CP] Embed Pods Frameworks";
			outputFileListPaths = (
				"${PODS_ROOT}/Target Support Files/Pods-GitHubRepoFinder/Pods-GitHubRepoFinder-frameworks-${CONFIGURATION}-output-files.xcfilelist",
			);
			runOnlyForDeploymentPostprocessing = 0;
			shellPath = /bin/sh;
			shellScript = "\"${PODS_ROOT}/Target Support Files/Pods-GitHubRepoFinder/Pods-GitHubRepoFinder-frameworks.sh\"\n";
			showEnvVarsInLog = 0;
		};
		D780D1CCC81D9997CF814D7D /* [CP] Check Pods Manifest.lock */ = {
			isa = PBXShellScriptBuildPhase;
			buildActionMask = 2147483647;
			files = (
			);
			inputFileListPaths = (
			);
			inputPaths = (
				"${PODS_PODFILE_DIR_PATH}/Podfile.lock",
				"${PODS_ROOT}/Manifest.lock",
			);
			name = "[CP] Check Pods Manifest.lock";
			outputFileListPaths = (
			);
			outputPaths = (
				"$(DERIVED_FILE_DIR)/Pods-GitHubRepoFinderTests-checkManifestLockResult.txt",
			);
			runOnlyForDeploymentPostprocessing = 0;
			shellPath = /bin/sh;
			shellScript = "diff \"${PODS_PODFILE_DIR_PATH}/Podfile.lock\" \"${PODS_ROOT}/Manifest.lock\" > /dev/null\nif [ $? != 0 ] ; then\n    # print error to STDERR\n    echo \"error: The sandbox is not in sync with the Podfile.lock. Run 'pod install' or update your CocoaPods installation.\" >&2\n    exit 1\nfi\n# This output is used by Xcode 'outputs' to avoid re-running this script phase.\necho \"SUCCESS\" > \"${SCRIPT_OUTPUT_FILE_0}\"\n";
			showEnvVarsInLog = 0;
		};
/* End PBXShellScriptBuildPhase section */

/* Begin PBXSourcesBuildPhase section */
		723FE7AF287924FC00712166 /* Sources */ = {
			isa = PBXSourcesBuildPhase;
			buildActionMask = 2147483647;
			files = (
				723FE7E82879AA7D00712166 /* GitHubAPIClient.swift in Sources */,
				728E36A6287DAEC5007393DD /* NetworkError.swift in Sources */,
				7234D84B288B94F300E3AB6F /* RepoCellNode.swift in Sources */,
				723FE7BB287924FC00712166 /* SearchViewController.swift in Sources */,
				721DAC48289241BF0026749A /* String+Extensions.swift in Sources */,
				723FE7EC287AF31200712166 /* User.swift in Sources */,
				723FE7B7287924FC00712166 /* AppDelegate.swift in Sources */,
				72F4817B28A765E400E17885 /* DataController.swift in Sources */,
				728E36A828805692007393DD /* HttpClientHandler.swift in Sources */,
				72F4817828A7629900E17885 /* RepoCellViewData.swift in Sources */,
				721DAC46288D47C10026749A /* SearchReposResponse.swift in Sources */,
				7234D849288B934200E3AB6F /* SearchDataSource.swift in Sources */,
				7234D844288995F000E3AB6F /* SearchTextNode.swift in Sources */,
				721DAC4A289244010026749A /* GitHubApiTypes.swift in Sources */,
				721DAC44288D01B90026749A /* GitHubOAuthClient.swift in Sources */,
				7269EA222896182F009936A7 /* RepoDetailWebView.swift in Sources */,
				7234D84628899C7500E3AB6F /* SearchDisplayNode.swift in Sources */,
				72BA10EA288847A8006F0B3E /* SearchViewModel.swift in Sources */,
				723FE7EA287A97A200712166 /* GitHubConstants.swift in Sources */,
				723FE7B9287924FC00712166 /* SceneDelegate.swift in Sources */,
				7269EA202896160D009936A7 /* RepoDetailViewController.swift in Sources */,
			);
			runOnlyForDeploymentPostprocessing = 0;
		};
		723FE7C5287924FD00712166 /* Sources */ = {
			isa = PBXSourcesBuildPhase;
			buildActionMask = 2147483647;
			files = (
				723FE7CE287924FD00712166 /* GitHubRepoFinderTests.swift in Sources */,
			);
			runOnlyForDeploymentPostprocessing = 0;
		};
/* End PBXSourcesBuildPhase section */

/* Begin PBXTargetDependency section */
		723FE7CB287924FD00712166 /* PBXTargetDependency */ = {
			isa = PBXTargetDependency;
			target = 723FE7B2287924FC00712166 /* GitHubRepoFinder */;
			targetProxy = 723FE7CA287924FD00712166 /* PBXContainerItemProxy */;
		};
/* End PBXTargetDependency section */

/* Begin PBXVariantGroup section */
		723FE7C1287924FD00712166 /* LaunchScreen.storyboard */ = {
			isa = PBXVariantGroup;
			children = (
				723FE7C2287924FD00712166 /* Base */,
			);
			name = LaunchScreen.storyboard;
			sourceTree = "<group>";
		};
/* End PBXVariantGroup section */

/* Begin XCBuildConfiguration section */
		723FE7DB287924FD00712166 /* Debug */ = {
			isa = XCBuildConfiguration;
			buildSettings = {
				ALWAYS_SEARCH_USER_PATHS = NO;
				CLANG_ANALYZER_NONNULL = YES;
				CLANG_ANALYZER_NUMBER_OBJECT_CONVERSION = YES_AGGRESSIVE;
				CLANG_CXX_LANGUAGE_STANDARD = "gnu++17";
				CLANG_CXX_LIBRARY = "libc++";
				CLANG_ENABLE_MODULES = YES;
				CLANG_ENABLE_OBJC_ARC = YES;
				CLANG_ENABLE_OBJC_WEAK = YES;
				CLANG_WARN_BLOCK_CAPTURE_AUTORELEASING = YES;
				CLANG_WARN_BOOL_CONVERSION = YES;
				CLANG_WARN_COMMA = YES;
				CLANG_WARN_CONSTANT_CONVERSION = YES;
				CLANG_WARN_DEPRECATED_OBJC_IMPLEMENTATIONS = YES;
				CLANG_WARN_DIRECT_OBJC_ISA_USAGE = YES_ERROR;
				CLANG_WARN_DOCUMENTATION_COMMENTS = YES;
				CLANG_WARN_EMPTY_BODY = YES;
				CLANG_WARN_ENUM_CONVERSION = YES;
				CLANG_WARN_INFINITE_RECURSION = YES;
				CLANG_WARN_INT_CONVERSION = YES;
				CLANG_WARN_NON_LITERAL_NULL_CONVERSION = YES;
				CLANG_WARN_OBJC_IMPLICIT_RETAIN_SELF = YES;
				CLANG_WARN_OBJC_LITERAL_CONVERSION = YES;
				CLANG_WARN_OBJC_ROOT_CLASS = YES_ERROR;
				CLANG_WARN_QUOTED_INCLUDE_IN_FRAMEWORK_HEADER = YES;
				CLANG_WARN_RANGE_LOOP_ANALYSIS = YES;
				CLANG_WARN_STRICT_PROTOTYPES = YES;
				CLANG_WARN_SUSPICIOUS_MOVE = YES;
				CLANG_WARN_UNGUARDED_AVAILABILITY = YES_AGGRESSIVE;
				CLANG_WARN_UNREACHABLE_CODE = YES;
				CLANG_WARN__DUPLICATE_METHOD_MATCH = YES;
				COPY_PHASE_STRIP = NO;
				DEBUG_INFORMATION_FORMAT = dwarf;
				ENABLE_STRICT_OBJC_MSGSEND = YES;
				ENABLE_TESTABILITY = YES;
				GCC_C_LANGUAGE_STANDARD = gnu11;
				GCC_DYNAMIC_NO_PIC = NO;
				GCC_NO_COMMON_BLOCKS = YES;
				GCC_OPTIMIZATION_LEVEL = 0;
				GCC_PREPROCESSOR_DEFINITIONS = (
					"DEBUG=1",
					"$(inherited)",
				);
				GCC_WARN_64_TO_32_BIT_CONVERSION = YES;
				GCC_WARN_ABOUT_RETURN_TYPE = YES_ERROR;
				GCC_WARN_UNDECLARED_SELECTOR = YES;
				GCC_WARN_UNINITIALIZED_AUTOS = YES_AGGRESSIVE;
				GCC_WARN_UNUSED_FUNCTION = YES;
				GCC_WARN_UNUSED_VARIABLE = YES;
				IPHONEOS_DEPLOYMENT_TARGET = 13.0;
				MTL_ENABLE_DEBUG_INFO = INCLUDE_SOURCE;
				MTL_FAST_MATH = YES;
				ONLY_ACTIVE_ARCH = YES;
				SDKROOT = iphoneos;
				SWIFT_ACTIVE_COMPILATION_CONDITIONS = DEBUG;
				SWIFT_OPTIMIZATION_LEVEL = "-Onone";
			};
			name = Debug;
		};
		723FE7DC287924FD00712166 /* Release */ = {
			isa = XCBuildConfiguration;
			buildSettings = {
				ALWAYS_SEARCH_USER_PATHS = NO;
				CLANG_ANALYZER_NONNULL = YES;
				CLANG_ANALYZER_NUMBER_OBJECT_CONVERSION = YES_AGGRESSIVE;
				CLANG_CXX_LANGUAGE_STANDARD = "gnu++17";
				CLANG_CXX_LIBRARY = "libc++";
				CLANG_ENABLE_MODULES = YES;
				CLANG_ENABLE_OBJC_ARC = YES;
				CLANG_ENABLE_OBJC_WEAK = YES;
				CLANG_WARN_BLOCK_CAPTURE_AUTORELEASING = YES;
				CLANG_WARN_BOOL_CONVERSION = YES;
				CLANG_WARN_COMMA = YES;
				CLANG_WARN_CONSTANT_CONVERSION = YES;
				CLANG_WARN_DEPRECATED_OBJC_IMPLEMENTATIONS = YES;
				CLANG_WARN_DIRECT_OBJC_ISA_USAGE = YES_ERROR;
				CLANG_WARN_DOCUMENTATION_COMMENTS = YES;
				CLANG_WARN_EMPTY_BODY = YES;
				CLANG_WARN_ENUM_CONVERSION = YES;
				CLANG_WARN_INFINITE_RECURSION = YES;
				CLANG_WARN_INT_CONVERSION = YES;
				CLANG_WARN_NON_LITERAL_NULL_CONVERSION = YES;
				CLANG_WARN_OBJC_IMPLICIT_RETAIN_SELF = YES;
				CLANG_WARN_OBJC_LITERAL_CONVERSION = YES;
				CLANG_WARN_OBJC_ROOT_CLASS = YES_ERROR;
				CLANG_WARN_QUOTED_INCLUDE_IN_FRAMEWORK_HEADER = YES;
				CLANG_WARN_RANGE_LOOP_ANALYSIS = YES;
				CLANG_WARN_STRICT_PROTOTYPES = YES;
				CLANG_WARN_SUSPICIOUS_MOVE = YES;
				CLANG_WARN_UNGUARDED_AVAILABILITY = YES_AGGRESSIVE;
				CLANG_WARN_UNREACHABLE_CODE = YES;
				CLANG_WARN__DUPLICATE_METHOD_MATCH = YES;
				COPY_PHASE_STRIP = NO;
				DEBUG_INFORMATION_FORMAT = "dwarf-with-dsym";
				ENABLE_NS_ASSERTIONS = NO;
				ENABLE_STRICT_OBJC_MSGSEND = YES;
				GCC_C_LANGUAGE_STANDARD = gnu11;
				GCC_NO_COMMON_BLOCKS = YES;
				GCC_WARN_64_TO_32_BIT_CONVERSION = YES;
				GCC_WARN_ABOUT_RETURN_TYPE = YES_ERROR;
				GCC_WARN_UNDECLARED_SELECTOR = YES;
				GCC_WARN_UNINITIALIZED_AUTOS = YES_AGGRESSIVE;
				GCC_WARN_UNUSED_FUNCTION = YES;
				GCC_WARN_UNUSED_VARIABLE = YES;
				IPHONEOS_DEPLOYMENT_TARGET = 13.0;
				MTL_ENABLE_DEBUG_INFO = NO;
				MTL_FAST_MATH = YES;
				SDKROOT = iphoneos;
				SWIFT_COMPILATION_MODE = wholemodule;
				SWIFT_OPTIMIZATION_LEVEL = "-O";
				VALIDATE_PRODUCT = YES;
			};
			name = Release;
		};
		723FE7DE287924FD00712166 /* Debug */ = {
			isa = XCBuildConfiguration;
			baseConfigurationReference = CB534AEB5129E38127C35510 /* Pods-GitHubRepoFinder.debug.xcconfig */;
			buildSettings = {
				ASSETCATALOG_COMPILER_APPICON_NAME = AppIcon;
				ASSETCATALOG_COMPILER_GLOBAL_ACCENT_COLOR_NAME = AccentColor;
				CODE_SIGN_STYLE = Automatic;
				CURRENT_PROJECT_VERSION = 1;
				DEVELOPMENT_TEAM = 48535654Y7;
				GENERATE_INFOPLIST_FILE = YES;
				INFOPLIST_FILE = GitHubRepoFinder/Info.plist;
				INFOPLIST_KEY_UIApplicationSupportsIndirectInputEvents = YES;
				INFOPLIST_KEY_UILaunchStoryboardName = LaunchScreen;
				INFOPLIST_KEY_UISupportedInterfaceOrientations_iPad = "UIInterfaceOrientationPortrait UIInterfaceOrientationPortraitUpsideDown UIInterfaceOrientationLandscapeLeft UIInterfaceOrientationLandscapeRight";
				INFOPLIST_KEY_UISupportedInterfaceOrientations_iPhone = "UIInterfaceOrientationPortrait UIInterfaceOrientationLandscapeLeft UIInterfaceOrientationLandscapeRight";
				LD_RUNPATH_SEARCH_PATHS = (
					"$(inherited)",
					"@executable_path/Frameworks",
				);
				MARKETING_VERSION = 1.0;
				PRODUCT_BUNDLE_IDENTIFIER = com.astruckmarcell.GitHubRepoFinder;
				PRODUCT_NAME = "$(TARGET_NAME)";
				SWIFT_EMIT_LOC_STRINGS = YES;
				SWIFT_VERSION = 5.0;
				TARGETED_DEVICE_FAMILY = "1,2";
			};
			name = Debug;
		};
		723FE7DF287924FD00712166 /* Release */ = {
			isa = XCBuildConfiguration;
			baseConfigurationReference = 9BDABD7D64860E3BD78D11A2 /* Pods-GitHubRepoFinder.release.xcconfig */;
			buildSettings = {
				ASSETCATALOG_COMPILER_APPICON_NAME = AppIcon;
				ASSETCATALOG_COMPILER_GLOBAL_ACCENT_COLOR_NAME = AccentColor;
				CODE_SIGN_STYLE = Automatic;
				CURRENT_PROJECT_VERSION = 1;
				DEVELOPMENT_TEAM = 48535654Y7;
				GENERATE_INFOPLIST_FILE = YES;
				INFOPLIST_FILE = GitHubRepoFinder/Info.plist;
				INFOPLIST_KEY_UIApplicationSupportsIndirectInputEvents = YES;
				INFOPLIST_KEY_UILaunchStoryboardName = LaunchScreen;
				INFOPLIST_KEY_UISupportedInterfaceOrientations_iPad = "UIInterfaceOrientationPortrait UIInterfaceOrientationPortraitUpsideDown UIInterfaceOrientationLandscapeLeft UIInterfaceOrientationLandscapeRight";
				INFOPLIST_KEY_UISupportedInterfaceOrientations_iPhone = "UIInterfaceOrientationPortrait UIInterfaceOrientationLandscapeLeft UIInterfaceOrientationLandscapeRight";
				LD_RUNPATH_SEARCH_PATHS = (
					"$(inherited)",
					"@executable_path/Frameworks",
				);
				MARKETING_VERSION = 1.0;
				PRODUCT_BUNDLE_IDENTIFIER = com.astruckmarcell.GitHubRepoFinder;
				PRODUCT_NAME = "$(TARGET_NAME)";
				SWIFT_EMIT_LOC_STRINGS = YES;
				SWIFT_VERSION = 5.0;
				TARGETED_DEVICE_FAMILY = "1,2";
			};
			name = Release;
		};
		723FE7E1287924FD00712166 /* Debug */ = {
			isa = XCBuildConfiguration;
			baseConfigurationReference = D10F7886B47FE53659C850F9 /* Pods-GitHubRepoFinderTests.debug.xcconfig */;
			buildSettings = {
				ALWAYS_EMBED_SWIFT_STANDARD_LIBRARIES = YES;
				BUNDLE_LOADER = "$(TEST_HOST)";
				CODE_SIGN_STYLE = Automatic;
				CURRENT_PROJECT_VERSION = 1;
				DEVELOPMENT_TEAM = 48535654Y7;
				GENERATE_INFOPLIST_FILE = YES;
				IPHONEOS_DEPLOYMENT_TARGET = 15.2;
				MARKETING_VERSION = 1.0;
				PRODUCT_BUNDLE_IDENTIFIER = com.astruckmarcell.GitHubRepoFinderTests;
				PRODUCT_NAME = "$(TARGET_NAME)";
				SWIFT_EMIT_LOC_STRINGS = NO;
				SWIFT_VERSION = 5.0;
				TARGETED_DEVICE_FAMILY = "1,2";
				TEST_HOST = "$(BUILT_PRODUCTS_DIR)/GitHubRepoFinder.app/GitHubRepoFinder";
			};
			name = Debug;
		};
		723FE7E2287924FD00712166 /* Release */ = {
			isa = XCBuildConfiguration;
			baseConfigurationReference = C2F32BEBAAC463A6366E6590 /* Pods-GitHubRepoFinderTests.release.xcconfig */;
			buildSettings = {
				ALWAYS_EMBED_SWIFT_STANDARD_LIBRARIES = YES;
				BUNDLE_LOADER = "$(TEST_HOST)";
				CODE_SIGN_STYLE = Automatic;
				CURRENT_PROJECT_VERSION = 1;
				DEVELOPMENT_TEAM = 48535654Y7;
				GENERATE_INFOPLIST_FILE = YES;
				IPHONEOS_DEPLOYMENT_TARGET = 15.2;
				MARKETING_VERSION = 1.0;
				PRODUCT_BUNDLE_IDENTIFIER = com.astruckmarcell.GitHubRepoFinderTests;
				PRODUCT_NAME = "$(TARGET_NAME)";
				SWIFT_EMIT_LOC_STRINGS = NO;
				SWIFT_VERSION = 5.0;
				TARGETED_DEVICE_FAMILY = "1,2";
				TEST_HOST = "$(BUILT_PRODUCTS_DIR)/GitHubRepoFinder.app/GitHubRepoFinder";
			};
			name = Release;
		};
/* End XCBuildConfiguration section */

/* Begin XCConfigurationList section */
		723FE7AE287924FB00712166 /* Build configuration list for PBXProject "GitHubRepoFinder" */ = {
			isa = XCConfigurationList;
			buildConfigurations = (
				723FE7DB287924FD00712166 /* Debug */,
				723FE7DC287924FD00712166 /* Release */,
			);
			defaultConfigurationIsVisible = 0;
			defaultConfigurationName = Release;
		};
		723FE7DD287924FD00712166 /* Build configuration list for PBXNativeTarget "GitHubRepoFinder" */ = {
			isa = XCConfigurationList;
			buildConfigurations = (
				723FE7DE287924FD00712166 /* Debug */,
				723FE7DF287924FD00712166 /* Release */,
			);
			defaultConfigurationIsVisible = 0;
			defaultConfigurationName = Release;
		};
		723FE7E0287924FD00712166 /* Build configuration list for PBXNativeTarget "GitHubRepoFinderTests" */ = {
			isa = XCConfigurationList;
			buildConfigurations = (
				723FE7E1287924FD00712166 /* Debug */,
				723FE7E2287924FD00712166 /* Release */,
			);
			defaultConfigurationIsVisible = 0;
			defaultConfigurationName = Release;
		};
/* End XCConfigurationList section */
	};
	rootObject = 723FE7AB287924FB00712166 /* Project object */;
}
